// !$*UTF8*$!
{
	archiveVersion = 1;
	classes = {
	};
	objectVersion = 50;
	objects = {

/* Begin PBXBuildFile section */
		48E58BAE2833E48300420BEA /* AppDelegate.swift in Sources */ = {isa = PBXBuildFile; fileRef = 48E58BAD2833E48300420BEA /* AppDelegate.swift */; };
		48E58BB02833E48300420BEA /* SceneDelegate.swift in Sources */ = {isa = PBXBuildFile; fileRef = 48E58BAF2833E48300420BEA /* SceneDelegate.swift */; };
		48E58BB22833E48300420BEA /* ViewController.swift in Sources */ = {isa = PBXBuildFile; fileRef = 48E58BB12833E48300420BEA /* ViewController.swift */; };
		48E58BB52833E48300420BEA /* Main.storyboard in Resources */ = {isa = PBXBuildFile; fileRef = 48E58BB32833E48300420BEA /* Main.storyboard */; };
		48E58BB82833E48300420BEA /* ListaTareas.xcdatamodeld in Sources */ = {isa = PBXBuildFile; fileRef = 48E58BB62833E48300420BEA /* ListaTareas.xcdatamodeld */; };
		48E58BBA2833E48500420BEA /* Assets.xcassets in Resources */ = {isa = PBXBuildFile; fileRef = 48E58BB92833E48500420BEA /* Assets.xcassets */; };
		48E58BBD2833E48500420BEA /* LaunchScreen.storyboard in Resources */ = {isa = PBXBuildFile; fileRef = 48E58BBB2833E48500420BEA /* LaunchScreen.storyboard */; };
/* End PBXBuildFile section */

/* Begin PBXFileReference section */
		48E58BAA2833E48300420BEA /* ListaTareas.app */ = {isa = PBXFileReference; explicitFileType = wrapper.application; includeInIndex = 0; path = ListaTareas.app; sourceTree = BUILT_PRODUCTS_DIR; };
		48E58BAD2833E48300420BEA /* AppDelegate.swift */ = {isa = PBXFileReference; lastKnownFileType = sourcecode.swift; path = AppDelegate.swift; sourceTree = "<group>"; };
		48E58BAF2833E48300420BEA /* SceneDelegate.swift */ = {isa = PBXFileReference; lastKnownFileType = sourcecode.swift; path = SceneDelegate.swift; sourceTree = "<group>"; };
		48E58BB12833E48300420BEA /* ViewController.swift */ = {isa = PBXFileReference; lastKnownFileType = sourcecode.swift; path = ViewController.swift; sourceTree = "<group>"; };
		48E58BB42833E48300420BEA /* Base */ = {isa = PBXFileReference; lastKnownFileType = file.storyboard; name = Base; path = Base.lproj/Main.storyboard; sourceTree = "<group>"; };
		48E58BB72833E48300420BEA /* ListaTareas.xcdatamodel */ = {isa = PBXFileReference; lastKnownFileType = wrapper.xcdatamodel; path = ListaTareas.xcdatamodel; sourceTree = "<group>"; };
		48E58BB92833E48500420BEA /* Assets.xcassets */ = {isa = PBXFileReference; lastKnownFileType = folder.assetcatalog; path = Assets.xcassets; sourceTree = "<group>"; };
		48E58BBC2833E48500420BEA /* Base */ = {isa = PBXFileReference; lastKnownFileType = file.storyboard; name = Base; path = Base.lproj/LaunchScreen.storyboard; sourceTree = "<group>"; };
		48E58BBE2833E48500420BEA /* Info.plist */ = {isa = PBXFileReference; lastKnownFileType = text.plist.xml; path = Info.plist; sourceTree = "<group>"; };
/* End PBXFileReference section */

/* Begin PBXFrameworksBuildPhase section */
		48E58BA72833E48300420BEA /* Frameworks */ = {
			isa = PBXFrameworksBuildPhase;
			buildActionMask = 2147483647;
			files = (
			);
			runOnlyForDeploymentPostprocessing = 0;
		};
/* End PBXFrameworksBuildPhase section */

/* Begin PBXGroup section */
		48E58BA12833E48300420BEA = {
			isa = PBXGroup;
			children = (
				48E58BAC2833E48300420BEA /* ListaTareas */,
				48E58BAB2833E48300420BEA /* Products */,
			);
			sourceTree = "<group>";
		};
		48E58BAB2833E48300420BEA /* Products */ = {
			isa = PBXGroup;
			children = (
				48E58BAA2833E48300420BEA /* ListaTareas.app */,
			);
			name = Products;
			sourceTree = "<group>";
		};
		48E58BAC2833E48300420BEA /* ListaTareas */ = {
			isa = PBXGroup;
			children = (
				48E58BAD2833E48300420BEA /* AppDelegate.swift */,
				48E58BAF2833E48300420BEA /* SceneDelegate.swift */,
				48E58BB12833E48300420BEA /* ViewController.swift */,
				48E58BB32833E48300420BEA /* Main.storyboard */,
				48E58BB92833E48500420BEA /* Assets.xcassets */,
				48E58BBB2833E48500420BEA /* LaunchScreen.storyboard */,
				48E58BBE2833E48500420BEA /* Info.plist */,
				48E58BB62833E48300420BEA /* ListaTareas.xcdatamodeld */,
			);
			path = ListaTareas;
			sourceTree = "<group>";
		};
/* End PBXGroup section */

/* Begin PBXNativeTarget section */
		48E58BA92833E48300420BEA /* ListaTareas */ = {
			isa = PBXNativeTarget;
			buildConfigurationList = 48E58BC12833E48500420BEA /* Build configuration list for PBXNativeTarget "ListaTareas" */;
			buildPhases = (
				48E58BA62833E48300420BEA /* Sources */,
				48E58BA72833E48300420BEA /* Frameworks */,
				48E58BA82833E48300420BEA /* Resources */,
			);
			buildRules = (
			);
			dependencies = (
			);
			name = ListaTareas;
			productName = ListaTareas;
			productReference = 48E58BAA2833E48300420BEA /* ListaTareas.app */;
			productType = "com.apple.product-type.application";
		};
/* End PBXNativeTarget section */

/* Begin PBXProject section */
		48E58BA22833E48300420BEA /* Project object */ = {
			isa = PBXProject;
			attributes = {
				LastSwiftUpdateCheck = 1210;
				LastUpgradeCheck = 1210;
				TargetAttributes = {
					48E58BA92833E48300420BEA = {
						CreatedOnToolsVersion = 12.1;
					};
				};
			};
			buildConfigurationList = 48E58BA52833E48300420BEA /* Build configuration list for PBXProject "ListaTareas" */;
			compatibilityVersion = "Xcode 9.3";
			developmentRegion = en;
			hasScannedForEncodings = 0;
			knownRegions = (
				en,
				Base,
			);
			mainGroup = 48E58BA12833E48300420BEA;
			productRefGroup = 48E58BAB2833E48300420BEA /* Products */;
			projectDirPath = "";
			projectRoot = "";
			targets = (
				48E58BA92833E48300420BEA /* ListaTareas */,
			);
		};
/* End PBXProject section */

/* Begin PBXResourcesBuildPhase section */
		48E58BA82833E48300420BEA /* Resources */ = {
			isa = PBXResourcesBuildPhase;
			buildActionMask = 2147483647;
			files = (
				48E58BBD2833E48500420BEA /* LaunchScreen.storyboard in Resources */,
				48E58BBA2833E48500420BEA /* Assets.xcassets in Resources */,
				48E58BB52833E48300420BEA /* Main.storyboard in Resources */,
			);
			runOnlyForDeploymentPostprocessing = 0;
		};
/* End PBXResourcesBuildPhase section */

/* Begin PBXSourcesBuildPhase section */
		48E58BA62833E48300420BEA /* Sources */ = {
			isa = PBXSourcesBuildPhase;
			buildActionMask = 2147483647;
			files = (
				48E58BB22833E48300420BEA /* ViewController.swift in Sources */,
				48E58BB82833E48300420BEA /* ListaTareas.xcdatamodeld in Sources */,
				48E58BAE2833E48300420BEA /* AppDelegate.swift in Sources */,
				48E58BB02833E48300420BEA /* SceneDelegate.swift in Sources */,
			);
			runOnlyForDeploymentPostprocessing = 0;
		};
/* End PBXSourcesBuildPhase section */

/* Begin PBXVariantGroup section */
		48E58BB32833E48300420BEA /* Main.storyboard */ = {
			isa = PBXVariantGroup;
			children = (
				48E58BB42833E48300420BEA /* Base */,
			);
			name = Main.storyboard;
			sourceTree = "<group>";
		};
		48E58BBB2833E48500420BEA /* LaunchScreen.storyboard */ = {
			isa = PBXVariantGroup;
			children = (
				48E58BBC2833E48500420BEA /* Base */,
			);
			name = LaunchScreen.storyboard;
			sourceTree = "<group>";
		};
/* End PBXVariantGroup section */

/* Begin XCBuildConfiguration section */
		48E58BBF2833E48500420BEA /* Debug */ = {
			isa = XCBuildConfiguration;
			buildSettings = {
				ALWAYS_SEARCH_USER_PATHS = NO;
				CLANG_ANALYZER_NONNULL = YES;
				CLANG_ANALYZER_NUMBER_OBJECT_CONVERSION = YES_AGGRESSIVE;
				CLANG_CXX_LANGUAGE_STANDARD = "gnu++14";
				CLANG_CXX_LIBRARY = "libc++";
				CLANG_ENABLE_MODULES = YES;
				CLANG_ENABLE_OBJC_ARC = YES;
				CLANG_ENABLE_OBJC_WEAK = YES;
				CLANG_WARN_BLOCK_CAPTURE_AUTORELEASING = YES;
				CLANG_WARN_BOOL_CONVERSION = YES;
				CLANG_WARN_COMMA = YES;
				CLANG_WARN_CONSTANT_CONVERSION = YES;
				CLANG_WARN_DEPRECATED_OBJC_IMPLEMENTATIONS = YES;
				CLANG_WARN_DIRECT_OBJC_ISA_USAGE = YES_ERROR;
				CLANG_WARN_DOCUMENTATION_COMMENTS = YES;
				CLANG_WARN_EMPTY_BODY = YES;
				CLANG_WARN_ENUM_CONVERSION = YES;
				CLANG_WARN_INFINITE_RECURSION = YES;
				CLANG_WARN_INT_CONVERSION = YES;
				CLANG_WARN_NON_LITERAL_NULL_CONVERSION = YES;
				CLANG_WARN_OBJC_IMPLICIT_RETAIN_SELF = YES;
				CLANG_WARN_OBJC_LITERAL_CONVERSION = YES;
				CLANG_WARN_OBJC_ROOT_CLASS = YES_ERROR;
				CLANG_WARN_QUOTED_INCLUDE_IN_FRAMEWORK_HEADER = YES;
				CLANG_WARN_RANGE_LOOP_ANALYSIS = YES;
				CLANG_WARN_STRICT_PROTOTYPES = YES;
				CLANG_WARN_SUSPICIOUS_MOVE = YES;
				CLANG_WARN_UNGUARDED_AVAILABILITY = YES_AGGRESSIVE;
				CLANG_WARN_UNREACHABLE_CODE = YES;
				CLANG_WARN__DUPLICATE_METHOD_MATCH = YES;
				COPY_PHASE_STRIP = NO;
				DEBUG_INFORMATION_FORMAT = dwarf;
				ENABLE_STRICT_OBJC_MSGSEND = YES;
				ENABLE_TESTABILITY = YES;
				GCC_C_LANGUAGE_STANDARD = gnu11;
				GCC_DYNAMIC_NO_PIC = NO;
				GCC_NO_COMMON_BLOCKS = YES;
				GCC_OPTIMIZATION_LEVEL = 0;
				GCC_PREPROCESSOR_DEFINITIONS = (
					"DEBUG=1",
					"$(inherited)",
				);
				GCC_WARN_64_TO_32_BIT_CONVERSION = YES;
				GCC_WARN_ABOUT_RETURN_TYPE = YES_ERROR;
				GCC_WARN_UNDECLARED_SELECTOR = YES;
				GCC_WARN_UNINITIALIZED_AUTOS = YES_AGGRESSIVE;
				GCC_WARN_UNUSED_FUNCTION = YES;
				GCC_WARN_UNUSED_VARIABLE = YES;
				IPHONEOS_DEPLOYMENT_TARGET = 14.1;
				MTL_ENABLE_DEBUG_INFO = INCLUDE_SOURCE;
				MTL_FAST_MATH = YES;
				ONLY_ACTIVE_ARCH = YES;
				SDKROOT = iphoneos;
				SWIFT_ACTIVE_COMPILATION_CONDITIONS = DEBUG;
				SWIFT_OPTIMIZATION_LEVEL = "-Onone";
			};
			name = Debug;
		};
		48E58BC02833E48500420BEA /* Release */ = {
			isa = XCBuildConfiguration;
			buildSettings = {
				ALWAYS_SEARCH_USER_PATHS = NO;
				CLANG_ANALYZER_NONNULL = YES;
				CLANG_ANALYZER_NUMBER_OBJECT_CONVERSION = YES_AGGRESSIVE;
				CLANG_CXX_LANGUAGE_STANDARD = "gnu++14";
				CLANG_CXX_LIBRARY = "libc++";
				CLANG_ENABLE_MODULES = YES;
				CLANG_ENABLE_OBJC_ARC = YES;
				CLANG_ENABLE_OBJC_WEAK = YES;
				CLANG_WARN_BLOCK_CAPTURE_AUTORELEASING = YES;
				CLANG_WARN_BOOL_CONVERSION = YES;
				CLANG_WARN_COMMA = YES;
				CLANG_WARN_CONSTANT_CONVERSION = YES;
				CLANG_WARN_DEPRECATED_OBJC_IMPLEMENTATIONS = YES;
				CLANG_WARN_DIRECT_OBJC_ISA_USAGE = YES_ERROR;
				CLANG_WARN_DOCUMENTATION_COMMENTS = YES;
				CLANG_WARN_EMPTY_BODY = YES;
				CLANG_WARN_ENUM_CONVERSION = YES;
				CLANG_WARN_INFINITE_RECURSION = YES;
				CLANG_WARN_INT_CONVERSION = YES;
				CLANG_WARN_NON_LITERAL_NULL_CONVERSION = YES;
				CLANG_WARN_OBJC_IMPLICIT_RETAIN_SELF = YES;
				CLANG_WARN_OBJC_LITERAL_CONVERSION = YES;
				CLANG_WARN_OBJC_ROOT_CLASS = YES_ERROR;
				CLANG_WARN_QUOTED_INCLUDE_IN_FRAMEWORK_HEADER = YES;
				CLANG_WARN_RANGE_LOOP_ANALYSIS = YES;
				CLANG_WARN_STRICT_PROTOTYPES = YES;
				CLANG_WARN_SUSPICIOUS_MOVE = YES;
				CLANG_WARN_UNGUARDED_AVAILABILITY = YES_AGGRESSIVE;
				CLANG_WARN_UNREACHABLE_CODE = YES;
				CLANG_WARN__DUPLICATE_METHOD_MATCH = YES;
				COPY_PHASE_STRIP = NO;
				DEBUG_INFORMATION_FORMAT = "dwarf-with-dsym";
				ENABLE_NS_ASSERTIONS = NO;
				ENABLE_STRICT_OBJC_MSGSEND = YES;
				GCC_C_LANGUAGE_STANDARD = gnu11;
				GCC_NO_COMMON_BLOCKS = YES;
				GCC_WARN_64_TO_32_BIT_CONVERSION = YES;
				GCC_WARN_ABOUT_RETURN_TYPE = YES_ERROR;
				GCC_WARN_UNDECLARED_SELECTOR = YES;
				GCC_WARN_UNINITIALIZED_AUTOS = YES_AGGRESSIVE;
				GCC_WARN_UNUSED_FUNCTION = YES;
				GCC_WARN_UNUSED_VARIABLE = YES;
				IPHONEOS_DEPLOYMENT_TARGET = 14.1;
				MTL_ENABLE_DEBUG_INFO = NO;
				MTL_FAST_MATH = YES;
				SDKROOT = iphoneos;
				SWIFT_COMPILATION_MODE = wholemodule;
				SWIFT_OPTIMIZATION_LEVEL = "-O";
				VALIDATE_PRODUCT = YES;
			};
			name = Release;
		};
		48E58BC22833E48500420BEA /* Debug */ = {
			isa = XCBuildConfiguration;
			buildSettings = {
				ASSETCATALOG_COMPILER_APPICON_NAME = AppIcon;
				ASSETCATALOG_COMPILER_GLOBAL_ACCENT_COLOR_NAME = AccentColor;
				CODE_SIGN_STYLE = Automatic;
				INFOPLIST_FILE = ListaTareas/Info.plist;
				LD_RUNPATH_SEARCH_PATHS = (
					"$(inherited)",
					"@executable_path/Frameworks",
				);
				PRODUCT_BUNDLE_IDENTIFIER = com.itMorelia.mx.ListaTareas;
				PRODUCT_NAME = "$(TARGET_NAME)";
				SWIFT_VERSION = 5.0;
				TARGETED_DEVICE_FAMILY = "1,2";
			};
			name = Debug;
		};
		48E58BC32833E48500420BEA /* Release */ = {
			isa = XCBuildConfiguration;
			buildSettings = {
				ASSETCATALOG_COMPILER_APPICON_NAME = AppIcon;
				ASSETCATALOG_COMPILER_GLOBAL_ACCENT_COLOR_NAME = AccentColor;
				CODE_SIGN_STYLE = Automatic;
				INFOPLIST_FILE = ListaTareas/Info.plist;
				LD_RUNPATH_SEARCH_PATHS = (
					"$(inherited)",
					"@executable_path/Frameworks",
				);
				PRODUCT_BUNDLE_IDENTIFIER = com.itMorelia.mx.ListaTareas;
				PRODUCT_NAME = "$(TARGET_NAME)";
				SWIFT_VERSION = 5.0;
				TARGETED_DEVICE_FAMILY = "1,2";
			};
			name = Release;
		};
/* End XCBuildConfiguration section */

/* Begin XCConfigurationList section */
		48E58BA52833E48300420BEA /* Build configuration list for PBXProject "ListaTareas" */ = {
			isa = XCConfigurationList;
			buildConfigurations = (
				48E58BBF2833E48500420BEA /* Debug */,
				48E58BC02833E48500420BEA /* Release */,
			);
			defaultConfigurationIsVisible = 0;
			defaultConfigurationName = Release;
		};
		48E58BC12833E48500420BEA /* Build configuration list for PBXNativeTarget "ListaTareas" */ = {
			isa = XCConfigurationList;
			buildConfigurations = (
				48E58BC22833E48500420BEA /* Debug */,
				48E58BC32833E48500420BEA /* Release */,
			);
			defaultConfigurationIsVisible = 0;
			defaultConfigurationName = Release;
		};
/* End XCConfigurationList section */

/* Begin XCVersionGroup section */
		48E58BB62833E48300420BEA /* ListaTareas.xcdatamodeld */ = {
			isa = XCVersionGroup;
			children = (
				48E58BB72833E48300420BEA /* ListaTareas.xcdatamodel */,
			);
			currentVersion = 48E58BB72833E48300420BEA /* ListaTareas.xcdatamodel */;
			path = ListaTareas.xcdatamodeld;
			sourceTree = "<group>";
			versionGroupType = wrapper.xcdatamodel;
		};
/* End XCVersionGroup section */
	};
	rootObject = 48E58BA22833E48300420BEA /* Project object */;
}
